
Microsoft Visual Studio Solution File, Format Version 12.00
# Visual Studio 15
VisualStudioVersion = 15.0.26228.4
MinimumVisualStudioVersion = 10.0.40219.1
Project("{FAE04EC0-301F-11D3-BF4B-00C04F79EFBC}") = "netFrameworkTest", "netFrameworkTest\netFrameworkTest.csproj", "{A24C3278-0E95-436F-A6C5-D1634CD2B2AA}"
EndProject
Global
	GlobalSection(SolutionConfigurationPlatforms) = preSolution
		Debug|Any CPU = Debug|Any CPU
		Release|Any CPU = Release|Any CPU
	EndGlobalSection
	GlobalSection(ProjectConfigurationPlatforms) = postSolution
		{A24C3278-0E95-436F-A6C5-D1634CD2B2AA}.Debug|Any CPU.ActiveCfg = Debug|Any CPU
		{A24C3278-0E95-436F-A6C5-D1634CD2B2AA}.Debug|Any CPU.Build.0 = Debug|Any CPU
		{A24C3278-0E95-436F-A6C5-D1634CD2B2AA}.Release|Any CPU.ActiveCfg = Release|Any CPU
		{A24C3278-0E95-436F-A6C5-D1634CD2B2AA}.Release|Any CPU.Build.0 = Release|Any CPU
	EndGlobalSection
	GlobalSection(SolutionProperties) = preSolution
		HideSolutionNode = FALSE
	EndGlobalSection
EndGlobal
